
Microsoft Visual Studio Solution File, Format Version 12.00
# Visual Studio Version 16
VisualStudioVersion = 16.0.35130.168
MinimumVisualStudioVersion = 10.0.40219.1
Project("{888888A0-9F3D-457C-B088-3A5042F75D52}") = "Formulario de registro", "Formulario de registro\Formulario de registro.pyproj", "{99E6D65D-490B-4C12-850F-DADAB240AA67}"
EndProject
Global
	GlobalSection(SolutionConfigurationPlatforms) = preSolution
		Debug|Any CPU = Debug|Any CPU
		Release|Any CPU = Release|Any CPU
	EndGlobalSection
	GlobalSection(ProjectConfigurationPlatforms) = postSolution
		{99E6D65D-490B-4C12-850F-DADAB240AA67}.Debug|Any CPU.ActiveCfg = Debug|Any CPU
		{99E6D65D-490B-4C12-850F-DADAB240AA67}.Release|Any CPU.ActiveCfg = Release|Any CPU
	EndGlobalSection
	GlobalSection(SolutionProperties) = preSolution
		HideSolutionNode = FALSE
	EndGlobalSection
	GlobalSection(ExtensibilityGlobals) = postSolution
		SolutionGuid = {5D39BB31-4D98-485A-BA61-77D27730849B}
	EndGlobalSection
EndGlobal
